// !$*UTF8*$!
{
	archiveVersion = 1;
	classes = {
	};
	objectVersion = 55;
	objects = {

/* Begin PBXBuildFile section */
		C622BDED28C8A1FF00242188 /* UlasimVC.swift in Sources */ = {isa = PBXBuildFile; fileRef = C622BDEC28C8A1FF00242188 /* UlasimVC.swift */; };
		C622BDF128C8C18D00242188 /* MarketVC.swift in Sources */ = {isa = PBXBuildFile; fileRef = C622BDF028C8C18D00242188 /* MarketVC.swift */; };
		C622BDF328C8C1EA00242188 /* DigerVC.swift in Sources */ = {isa = PBXBuildFile; fileRef = C622BDF228C8C1EA00242188 /* DigerVC.swift */; };
		C622BDF628C8C37200242188 /* Database.swift in Sources */ = {isa = PBXBuildFile; fileRef = C622BDF528C8C37200242188 /* Database.swift */; };
		C622BDF928C8C42200242188 /* Giderler.xcdatamodeld in Sources */ = {isa = PBXBuildFile; fileRef = C622BDF728C8C42200242188 /* Giderler.xcdatamodeld */; };
		C622BDFB28C8CA9E00242188 /* Harcamalar.swift in Sources */ = {isa = PBXBuildFile; fileRef = C622BDFA28C8CA9E00242188 /* Harcamalar.swift */; };
		C66BD59128C9C53300028C4C /* CustomTableViewCell.swift in Sources */ = {isa = PBXBuildFile; fileRef = C66BD59028C9C53300028C4C /* CustomTableViewCell.swift */; };
		C6F728E428BF510A00778911 /* AppDelegate.swift in Sources */ = {isa = PBXBuildFile; fileRef = C6F728E328BF510A00778911 /* AppDelegate.swift */; };
		C6F728E628BF510A00778911 /* SceneDelegate.swift in Sources */ = {isa = PBXBuildFile; fileRef = C6F728E528BF510A00778911 /* SceneDelegate.swift */; };
		C6F728EB28BF510A00778911 /* Main.storyboard in Resources */ = {isa = PBXBuildFile; fileRef = C6F728E928BF510A00778911 /* Main.storyboard */; };
		C6F728ED28BF510F00778911 /* Assets.xcassets in Resources */ = {isa = PBXBuildFile; fileRef = C6F728EC28BF510F00778911 /* Assets.xcassets */; };
		C6F728F028BF510F00778911 /* LaunchScreen.storyboard in Resources */ = {isa = PBXBuildFile; fileRef = C6F728EE28BF510F00778911 /* LaunchScreen.storyboard */; };
/* End PBXBuildFile section */

/* Begin PBXFileReference section */
		C622BDEC28C8A1FF00242188 /* UlasimVC.swift */ = {isa = PBXFileReference; lastKnownFileType = sourcecode.swift; path = UlasimVC.swift; sourceTree = "<group>"; };
		C622BDF028C8C18D00242188 /* MarketVC.swift */ = {isa = PBXFileReference; lastKnownFileType = sourcecode.swift; path = MarketVC.swift; sourceTree = "<group>"; };
		C622BDF228C8C1EA00242188 /* DigerVC.swift */ = {isa = PBXFileReference; lastKnownFileType = sourcecode.swift; path = DigerVC.swift; sourceTree = "<group>"; };
		C622BDF528C8C37200242188 /* Database.swift */ = {isa = PBXFileReference; lastKnownFileType = sourcecode.swift; path = Database.swift; sourceTree = "<group>"; };
		C622BDF828C8C42200242188 /* Giderler.xcdatamodel */ = {isa = PBXFileReference; lastKnownFileType = wrapper.xcdatamodel; path = Giderler.xcdatamodel; sourceTree = "<group>"; };
		C622BDFA28C8CA9E00242188 /* Harcamalar.swift */ = {isa = PBXFileReference; lastKnownFileType = sourcecode.swift; path = Harcamalar.swift; sourceTree = "<group>"; };
		C66BD59028C9C53300028C4C /* CustomTableViewCell.swift */ = {isa = PBXFileReference; lastKnownFileType = sourcecode.swift; path = CustomTableViewCell.swift; sourceTree = "<group>"; };
		C6F728E028BF510A00778911 /* WalletApp.app */ = {isa = PBXFileReference; explicitFileType = wrapper.application; includeInIndex = 0; path = WalletApp.app; sourceTree = BUILT_PRODUCTS_DIR; };
		C6F728E328BF510A00778911 /* AppDelegate.swift */ = {isa = PBXFileReference; lastKnownFileType = sourcecode.swift; path = AppDelegate.swift; sourceTree = "<group>"; };
		C6F728E528BF510A00778911 /* SceneDelegate.swift */ = {isa = PBXFileReference; lastKnownFileType = sourcecode.swift; path = SceneDelegate.swift; sourceTree = "<group>"; };
		C6F728EA28BF510A00778911 /* Base */ = {isa = PBXFileReference; lastKnownFileType = file.storyboard; name = Base; path = Base.lproj/Main.storyboard; sourceTree = "<group>"; };
		C6F728EC28BF510F00778911 /* Assets.xcassets */ = {isa = PBXFileReference; lastKnownFileType = folder.assetcatalog; path = Assets.xcassets; sourceTree = "<group>"; };
		C6F728EF28BF510F00778911 /* Base */ = {isa = PBXFileReference; lastKnownFileType = file.storyboard; name = Base; path = Base.lproj/LaunchScreen.storyboard; sourceTree = "<group>"; };
		C6F728F128BF510F00778911 /* Info.plist */ = {isa = PBXFileReference; lastKnownFileType = text.plist.xml; path = Info.plist; sourceTree = "<group>"; };
/* End PBXFileReference section */

/* Begin PBXFrameworksBuildPhase section */
		C6F728DD28BF510A00778911 /* Frameworks */ = {
			isa = PBXFrameworksBuildPhase;
			buildActionMask = 2147483647;
			files = (
			);
			runOnlyForDeploymentPostprocessing = 0;
		};
/* End PBXFrameworksBuildPhase section */

/* Begin PBXGroup section */
		C6F728D728BF510A00778911 = {
			isa = PBXGroup;
			children = (
				C6F728E228BF510A00778911 /* WalletApp */,
				C6F728E128BF510A00778911 /* Products */,
			);
			sourceTree = "<group>";
		};
		C6F728E128BF510A00778911 /* Products */ = {
			isa = PBXGroup;
			children = (
				C6F728E028BF510A00778911 /* WalletApp.app */,
			);
			name = Products;
			sourceTree = "<group>";
		};
		C6F728E228BF510A00778911 /* WalletApp */ = {
			isa = PBXGroup;
			children = (
				C6F728E328BF510A00778911 /* AppDelegate.swift */,
				C6F728E528BF510A00778911 /* SceneDelegate.swift */,
				C622BDF028C8C18D00242188 /* MarketVC.swift */,
				C622BDEC28C8A1FF00242188 /* UlasimVC.swift */,
				C622BDF228C8C1EA00242188 /* DigerVC.swift */,
				C6F728E928BF510A00778911 /* Main.storyboard */,
				C6F728EC28BF510F00778911 /* Assets.xcassets */,
				C6F728EE28BF510F00778911 /* LaunchScreen.storyboard */,
				C6F728F128BF510F00778911 /* Info.plist */,
				C622BDF528C8C37200242188 /* Database.swift */,
				C622BDF728C8C42200242188 /* Giderler.xcdatamodeld */,
				C622BDFA28C8CA9E00242188 /* Harcamalar.swift */,
				C66BD59028C9C53300028C4C /* CustomTableViewCell.swift */,
			);
			path = WalletApp;
			sourceTree = "<group>";
		};
/* End PBXGroup section */

/* Begin PBXNativeTarget section */
		C6F728DF28BF510A00778911 /* WalletApp */ = {
			isa = PBXNativeTarget;
			buildConfigurationList = C6F728F428BF510F00778911 /* Build configuration list for PBXNativeTarget "WalletApp" */;
			buildPhases = (
				C6F728DC28BF510A00778911 /* Sources */,
				C6F728DD28BF510A00778911 /* Frameworks */,
				C6F728DE28BF510A00778911 /* Resources */,
			);
			buildRules = (
			);
			dependencies = (
			);
			name = WalletApp;
			productName = deneme;
			productReference = C6F728E028BF510A00778911 /* WalletApp.app */;
			productType = "com.apple.product-type.application";
		};
/* End PBXNativeTarget section */

/* Begin PBXProject section */
		C6F728D828BF510A00778911 /* Project object */ = {
			isa = PBXProject;
			attributes = {
				BuildIndependentTargetsInParallel = 1;
				LastSwiftUpdateCheck = 1340;
				LastUpgradeCheck = 1340;
				TargetAttributes = {
					C6F728DF28BF510A00778911 = {
						CreatedOnToolsVersion = 13.4.1;
					};
				};
			};
			buildConfigurationList = C6F728DB28BF510A00778911 /* Build configuration list for PBXProject "WalletApp" */;
			compatibilityVersion = "Xcode 13.0";
			developmentRegion = en;
			hasScannedForEncodings = 0;
			knownRegions = (
				en,
				Base,
			);
			mainGroup = C6F728D728BF510A00778911;
			productRefGroup = C6F728E128BF510A00778911 /* Products */;
			projectDirPath = "";
			projectRoot = "";
			targets = (
				C6F728DF28BF510A00778911 /* WalletApp */,
			);
		};
/* End PBXProject section */

/* Begin PBXResourcesBuildPhase section */
		C6F728DE28BF510A00778911 /* Resources */ = {
			isa = PBXResourcesBuildPhase;
			buildActionMask = 2147483647;
			files = (
				C6F728F028BF510F00778911 /* LaunchScreen.storyboard in Resources */,
				C6F728ED28BF510F00778911 /* Assets.xcassets in Resources */,
				C6F728EB28BF510A00778911 /* Main.storyboard in Resources */,
			);
			runOnlyForDeploymentPostprocessing = 0;
		};
/* End PBXResourcesBuildPhase section */

/* Begin PBXSourcesBuildPhase section */
		C6F728DC28BF510A00778911 /* Sources */ = {
			isa = PBXSourcesBuildPhase;
			buildActionMask = 2147483647;
			files = (
				C66BD59128C9C53300028C4C /* CustomTableViewCell.swift in Sources */,
				C622BDF628C8C37200242188 /* Database.swift in Sources */,
				C622BDED28C8A1FF00242188 /* UlasimVC.swift in Sources */,
				C6F728E428BF510A00778911 /* AppDelegate.swift in Sources */,
				C6F728E628BF510A00778911 /* SceneDelegate.swift in Sources */,
				C622BDF328C8C1EA00242188 /* DigerVC.swift in Sources */,
				C622BDF128C8C18D00242188 /* MarketVC.swift in Sources */,
				C622BDF928C8C42200242188 /* Giderler.xcdatamodeld in Sources */,
				C622BDFB28C8CA9E00242188 /* Harcamalar.swift in Sources */,
			);
			runOnlyForDeploymentPostprocessing = 0;
		};
/* End PBXSourcesBuildPhase section */

/* Begin PBXVariantGroup section */
		C6F728E928BF510A00778911 /* Main.storyboard */ = {
			isa = PBXVariantGroup;
			children = (
				C6F728EA28BF510A00778911 /* Base */,
			);
			name = Main.storyboard;
			sourceTree = "<group>";
		};
		C6F728EE28BF510F00778911 /* LaunchScreen.storyboard */ = {
			isa = PBXVariantGroup;
			children = (
				C6F728EF28BF510F00778911 /* Base */,
			);
			name = LaunchScreen.storyboard;
			sourceTree = "<group>";
		};
/* End PBXVariantGroup section */

/* Begin XCBuildConfiguration section */
		C6F728F228BF510F00778911 /* Debug */ = {
			isa = XCBuildConfiguration;
			buildSettings = {
				ALWAYS_SEARCH_USER_PATHS = NO;
				CLANG_ANALYZER_NONNULL = YES;
				CLANG_ANALYZER_NUMBER_OBJECT_CONVERSION = YES_AGGRESSIVE;
				CLANG_CXX_LANGUAGE_STANDARD = "gnu++17";
				CLANG_ENABLE_MODULES = YES;
				CLANG_ENABLE_OBJC_ARC = YES;
				CLANG_ENABLE_OBJC_WEAK = YES;
				CLANG_WARN_BLOCK_CAPTURE_AUTORELEASING = YES;
				CLANG_WARN_BOOL_CONVERSION = YES;
				CLANG_WARN_COMMA = YES;
				CLANG_WARN_CONSTANT_CONVERSION = YES;
				CLANG_WARN_DEPRECATED_OBJC_IMPLEMENTATIONS = YES;
				CLANG_WARN_DIRECT_OBJC_ISA_USAGE = YES_ERROR;
				CLANG_WARN_DOCUMENTATION_COMMENTS = YES;
				CLANG_WARN_EMPTY_BODY = YES;
				CLANG_WARN_ENUM_CONVERSION = YES;
				CLANG_WARN_INFINITE_RECURSION = YES;
				CLANG_WARN_INT_CONVERSION = YES;
				CLANG_WARN_NON_LITERAL_NULL_CONVERSION = YES;
				CLANG_WARN_OBJC_IMPLICIT_RETAIN_SELF = YES;
				CLANG_WARN_OBJC_LITERAL_CONVERSION = YES;
				CLANG_WARN_OBJC_ROOT_CLASS = YES_ERROR;
				CLANG_WARN_QUOTED_INCLUDE_IN_FRAMEWORK_HEADER = YES;
				CLANG_WARN_RANGE_LOOP_ANALYSIS = YES;
				CLANG_WARN_STRICT_PROTOTYPES = YES;
				CLANG_WARN_SUSPICIOUS_MOVE = YES;
				CLANG_WARN_UNGUARDED_AVAILABILITY = YES_AGGRESSIVE;
				CLANG_WARN_UNREACHABLE_CODE = YES;
				CLANG_WARN__DUPLICATE_METHOD_MATCH = YES;
				COPY_PHASE_STRIP = NO;
				DEBUG_INFORMATION_FORMAT = dwarf;
				ENABLE_STRICT_OBJC_MSGSEND = YES;
				ENABLE_TESTABILITY = YES;
				GCC_C_LANGUAGE_STANDARD = gnu11;
				GCC_DYNAMIC_NO_PIC = NO;
				GCC_NO_COMMON_BLOCKS = YES;
				GCC_OPTIMIZATION_LEVEL = 0;
				GCC_PREPROCESSOR_DEFINITIONS = (
					"DEBUG=1",
					"$(inherited)",
				);
				GCC_WARN_64_TO_32_BIT_CONVERSION = YES;
				GCC_WARN_ABOUT_RETURN_TYPE = YES_ERROR;
				GCC_WARN_UNDECLARED_SELECTOR = YES;
				GCC_WARN_UNINITIALIZED_AUTOS = YES_AGGRESSIVE;
				GCC_WARN_UNUSED_FUNCTION = YES;
				GCC_WARN_UNUSED_VARIABLE = YES;
				IPHONEOS_DEPLOYMENT_TARGET = 15.5;
				MTL_ENABLE_DEBUG_INFO = INCLUDE_SOURCE;
				MTL_FAST_MATH = YES;
				ONLY_ACTIVE_ARCH = YES;
				SDKROOT = iphoneos;
				SWIFT_ACTIVE_COMPILATION_CONDITIONS = DEBUG;
				SWIFT_OPTIMIZATION_LEVEL = "-Onone";
			};
			name = Debug;
		};
		C6F728F328BF510F00778911 /* Release */ = {
			isa = XCBuildConfiguration;
			buildSettings = {
				ALWAYS_SEARCH_USER_PATHS = NO;
				CLANG_ANALYZER_NONNULL = YES;
				CLANG_ANALYZER_NUMBER_OBJECT_CONVERSION = YES_AGGRESSIVE;
				CLANG_CXX_LANGUAGE_STANDARD = "gnu++17";
				CLANG_ENABLE_MODULES = YES;
				CLANG_ENABLE_OBJC_ARC = YES;
				CLANG_ENABLE_OBJC_WEAK = YES;
				CLANG_WARN_BLOCK_CAPTURE_AUTORELEASING = YES;
				CLANG_WARN_BOOL_CONVERSION = YES;
				CLANG_WARN_COMMA = YES;
				CLANG_WARN_CONSTANT_CONVERSION = YES;
				CLANG_WARN_DEPRECATED_OBJC_IMPLEMENTATIONS = YES;
				CLANG_WARN_DIRECT_OBJC_ISA_USAGE = YES_ERROR;
				CLANG_WARN_DOCUMENTATION_COMMENTS = YES;
				CLANG_WARN_EMPTY_BODY = YES;
				CLANG_WARN_ENUM_CONVERSION = YES;
				CLANG_WARN_INFINITE_RECURSION = YES;
				CLANG_WARN_INT_CONVERSION = YES;
				CLANG_WARN_NON_LITERAL_NULL_CONVERSION = YES;
				CLANG_WARN_OBJC_IMPLICIT_RETAIN_SELF = YES;
				CLANG_WARN_OBJC_LITERAL_CONVERSION = YES;
				CLANG_WARN_OBJC_ROOT_CLASS = YES_ERROR;
				CLANG_WARN_QUOTED_INCLUDE_IN_FRAMEWORK_HEADER = YES;
				CLANG_WARN_RANGE_LOOP_ANALYSIS = YES;
				CLANG_WARN_STRICT_PROTOTYPES = YES;
				CLANG_WARN_SUSPICIOUS_MOVE = YES;
				CLANG_WARN_UNGUARDED_AVAILABILITY = YES_AGGRESSIVE;
				CLANG_WARN_UNREACHABLE_CODE = YES;
				CLANG_WARN__DUPLICATE_METHOD_MATCH = YES;
				COPY_PHASE_STRIP = NO;
				DEBUG_INFORMATION_FORMAT = "dwarf-with-dsym";
				ENABLE_NS_ASSERTIONS = NO;
				ENABLE_STRICT_OBJC_MSGSEND = YES;
				GCC_C_LANGUAGE_STANDARD = gnu11;
				GCC_NO_COMMON_BLOCKS = YES;
				GCC_WARN_64_TO_32_BIT_CONVERSION = YES;
				GCC_WARN_ABOUT_RETURN_TYPE = YES_ERROR;
				GCC_WARN_UNDECLARED_SELECTOR = YES;
				GCC_WARN_UNINITIALIZED_AUTOS = YES_AGGRESSIVE;
				GCC_WARN_UNUSED_FUNCTION = YES;
				GCC_WARN_UNUSED_VARIABLE = YES;
				IPHONEOS_DEPLOYMENT_TARGET = 15.5;
				MTL_ENABLE_DEBUG_INFO = NO;
				MTL_FAST_MATH = YES;
				SDKROOT = iphoneos;
				SWIFT_COMPILATION_MODE = wholemodule;
				SWIFT_OPTIMIZATION_LEVEL = "-O";
				VALIDATE_PRODUCT = YES;
			};
			name = Release;
		};
		C6F728F528BF510F00778911 /* Debug */ = {
			isa = XCBuildConfiguration;
			buildSettings = {
				ASSETCATALOG_COMPILER_APPICON_NAME = AppIcon;
				ASSETCATALOG_COMPILER_GLOBAL_ACCENT_COLOR_NAME = AccentColor;
				CODE_SIGN_STYLE = Automatic;
				CURRENT_PROJECT_VERSION = 1;
				DEVELOPMENT_TEAM = SMZG7GRLGM;
				GENERATE_INFOPLIST_FILE = YES;
				INFOPLIST_FILE = deneme/Info.plist;
				INFOPLIST_KEY_UIApplicationSupportsIndirectInputEvents = YES;
				INFOPLIST_KEY_UILaunchStoryboardName = LaunchScreen;
				INFOPLIST_KEY_UIMainStoryboardFile = Main;
				INFOPLIST_KEY_UISupportedInterfaceOrientations = UIInterfaceOrientationPortrait;
				INFOPLIST_KEY_UISupportedInterfaceOrientations_iPad = "UIInterfaceOrientationPortrait UIInterfaceOrientationPortraitUpsideDown UIInterfaceOrientationLandscapeLeft UIInterfaceOrientationLandscapeRight";
				INFOPLIST_KEY_UISupportedInterfaceOrientations_iPhone = "UIInterfaceOrientationPortrait UIInterfaceOrientationLandscapeLeft UIInterfaceOrientationLandscapeRight";
				LD_RUNPATH_SEARCH_PATHS = (
					"$(inherited)",
					"@executable_path/Frameworks",
				);
				MARKETING_VERSION = 1.0;
				PRODUCT_BUNDLE_IDENTIFIER = com.deneme.tunix;
				PRODUCT_NAME = "$(TARGET_NAME)";
				SWIFT_EMIT_LOC_STRINGS = YES;
				SWIFT_VERSION = 5.0;
				TARGETED_DEVICE_FAMILY = 1;
			};
			name = Debug;
		};
		C6F728F628BF510F00778911 /* Release */ = {
			isa = XCBuildConfiguration;
			buildSettings = {
				ASSETCATALOG_COMPILER_APPICON_NAME = AppIcon;
				ASSETCATALOG_COMPILER_GLOBAL_ACCENT_COLOR_NAME = AccentColor;
				CODE_SIGN_STYLE = Automatic;
				CURRENT_PROJECT_VERSION = 1;
				DEVELOPMENT_TEAM = SMZG7GRLGM;
				GENERATE_INFOPLIST_FILE = YES;
				INFOPLIST_FILE = deneme/Info.plist;
				INFOPLIST_KEY_UIApplicationSupportsIndirectInputEvents = YES;
				INFOPLIST_KEY_UILaunchStoryboardName = LaunchScreen;
				INFOPLIST_KEY_UIMainStoryboardFile = Main;
				INFOPLIST_KEY_UISupportedInterfaceOrientations = UIInterfaceOrientationPortrait;
				INFOPLIST_KEY_UISupportedInterfaceOrientations_iPad = "UIInterfaceOrientationPortrait UIInterfaceOrientationPortraitUpsideDown UIInterfaceOrientationLandscapeLeft UIInterfaceOrientationLandscapeRight";
				INFOPLIST_KEY_UISupportedInterfaceOrientations_iPhone = "UIInterfaceOrientationPortrait UIInterfaceOrientationLandscapeLeft UIInterfaceOrientationLandscapeRight";
				LD_RUNPATH_SEARCH_PATHS = (
					"$(inherited)",
					"@executable_path/Frameworks",
				);
				MARKETING_VERSION = 1.0;
				PRODUCT_BUNDLE_IDENTIFIER = com.deneme.tunix;
				PRODUCT_NAME = "$(TARGET_NAME)";
				SWIFT_EMIT_LOC_STRINGS = YES;
				SWIFT_VERSION = 5.0;
				TARGETED_DEVICE_FAMILY = 1;
			};
			name = Release;
		};
/* End XCBuildConfiguration section */

/* Begin XCConfigurationList section */
		C6F728DB28BF510A00778911 /* Build configuration list for PBXProject "WalletApp" */ = {
			isa = XCConfigurationList;
			buildConfigurations = (
				C6F728F228BF510F00778911 /* Debug */,
				C6F728F328BF510F00778911 /* Release */,
			);
			defaultConfigurationIsVisible = 0;
			defaultConfigurationName = Release;
		};
		C6F728F428BF510F00778911 /* Build configuration list for PBXNativeTarget "WalletApp" */ = {
			isa = XCConfigurationList;
			buildConfigurations = (
				C6F728F528BF510F00778911 /* Debug */,
				C6F728F628BF510F00778911 /* Release */,
			);
			defaultConfigurationIsVisible = 0;
			defaultConfigurationName = Release;
		};
/* End XCConfigurationList section */

/* Begin XCVersionGroup section */
		C622BDF728C8C42200242188 /* Giderler.xcdatamodeld */ = {
			isa = XCVersionGroup;
			children = (
				C622BDF828C8C42200242188 /* Giderler.xcdatamodel */,
			);
			currentVersion = C622BDF828C8C42200242188 /* Giderler.xcdatamodel */;
			path = Giderler.xcdatamodeld;
			sourceTree = "<group>";
			versionGroupType = wrapper.xcdatamodel;
		};
/* End XCVersionGroup section */
	};
	rootObject = C6F728D828BF510A00778911 /* Project object */;
}
